
Microsoft Visual Studio Solution File, Format Version 12.00
# Visual Studio Version 17
VisualStudioVersion = 17.6.33829.357
MinimumVisualStudioVersion = 10.0.40219.1
Project("{FAE04EC0-301F-11D3-BF4B-00C04F79EFBC}") = "Cw4", "Cw4.csproj", "{8C694CDE-C8F8-42A8-BF40-4EF8A524A606}"
EndProject
Global
	GlobalSection(SolutionConfigurationPlatforms) = preSolution
		Debug|Any CPU = Debug|Any CPU
		Release|Any CPU = Release|Any CPU
	EndGlobalSection
	GlobalSection(ProjectConfigurationPlatforms) = postSolution
		{8C694CDE-C8F8-42A8-BF40-4EF8A524A606}.Debug|Any CPU.ActiveCfg = Debug|Any CPU
		{8C694CDE-C8F8-42A8-BF40-4EF8A524A606}.Debug|Any CPU.Build.0 = Debug|Any CPU
		{8C694CDE-C8F8-42A8-BF40-4EF8A524A606}.Release|Any CPU.ActiveCfg = Release|Any CPU
		{8C694CDE-C8F8-42A8-BF40-4EF8A524A606}.Release|Any CPU.Build.0 = Release|Any CPU
	EndGlobalSection
	GlobalSection(SolutionProperties) = preSolution
		HideSolutionNode = FALSE
	EndGlobalSection
	GlobalSection(ExtensibilityGlobals) = postSolution
		SolutionGuid = {614940D1-10BB-448E-8C8D-C44C5C446021}
	EndGlobalSection
EndGlobal
